
Microsoft Visual Studio Solution File, Format Version 12.00
# Visual Studio Version 16
VisualStudioVersion = 16.0.29009.5
MinimumVisualStudioVersion = 10.0.40219.1
Project("{8BC9CEB8-8B4A-11D0-8D11-00A0C91BC942}") = "TakieCosCoJakubChcial", "TakieCosCoJakubChcial\TakieCosCoJakubChcial.vcxproj", "{5D12543C-0FF0-4EE3-B321-E2C4297A5B16}"
EndProject
Global
	GlobalSection(SolutionConfigurationPlatforms) = preSolution
		Debug|x64 = Debug|x64
		Debug|x86 = Debug|x86
		Release|x64 = Release|x64
		Release|x86 = Release|x86
	EndGlobalSection
	GlobalSection(ProjectConfigurationPlatforms) = postSolution
		{5D12543C-0FF0-4EE3-B321-E2C4297A5B16}.Debug|x64.ActiveCfg = Debug|x64
		{5D12543C-0FF0-4EE3-B321-E2C4297A5B16}.Debug|x64.Build.0 = Debug|x64
		{5D12543C-0FF0-4EE3-B321-E2C4297A5B16}.Debug|x86.ActiveCfg = Debug|Win32
		{5D12543C-0FF0-4EE3-B321-E2C4297A5B16}.Debug|x86.Build.0 = Debug|Win32
		{5D12543C-0FF0-4EE3-B321-E2C4297A5B16}.Release|x64.ActiveCfg = Release|x64
		{5D12543C-0FF0-4EE3-B321-E2C4297A5B16}.Release|x64.Build.0 = Release|x64
		{5D12543C-0FF0-4EE3-B321-E2C4297A5B16}.Release|x86.ActiveCfg = Release|Win32
		{5D12543C-0FF0-4EE3-B321-E2C4297A5B16}.Release|x86.Build.0 = Release|Win32
	EndGlobalSection
	GlobalSection(SolutionProperties) = preSolution
		HideSolutionNode = FALSE
	EndGlobalSection
	GlobalSection(ExtensibilityGlobals) = postSolution
		SolutionGuid = {8906ADB4-8711-4C84-8140-DE827F5C42C4}
	EndGlobalSection
EndGlobal
